
Microsoft Visual Studio Solution File, Format Version 12.00
# Visual Studio Version 17
VisualStudioVersion = 17.7.34221.43
MinimumVisualStudioVersion = 10.0.40219.1
Project("{9A19103F-16F7-4668-BE54-9A1E7A4F7556}") = "Phoenix.Core", "src\Phoenix.Core\Phoenix.Core.csproj", "{6232223A-7240-43B0-991C-ACE01291FC73}"
EndProject
Project("{9A19103F-16F7-4668-BE54-9A1E7A4F7556}") = "Phoenix.Core.SpecFlowTest", "test\Phoenix.Core.SpecFlowTest\Phoenix.Core.SpecFlowTest.csproj", "{58D02FB1-B045-4F02-A1CD-BE0BACCECE37}"
EndProject
Global
	GlobalSection(SolutionConfigurationPlatforms) = preSolution
		Debug|Any CPU = Debug|Any CPU
		Release|Any CPU = Release|Any CPU
	EndGlobalSection
	GlobalSection(ProjectConfigurationPlatforms) = postSolution
		{6232223A-7240-43B0-991C-ACE01291FC73}.Debug|Any CPU.ActiveCfg = Debug|Any CPU
		{6232223A-7240-43B0-991C-ACE01291FC73}.Debug|Any CPU.Build.0 = Debug|Any CPU
		{6232223A-7240-43B0-991C-ACE01291FC73}.Release|Any CPU.ActiveCfg = Release|Any CPU
		{6232223A-7240-43B0-991C-ACE01291FC73}.Release|Any CPU.Build.0 = Release|Any CPU
		{58D02FB1-B045-4F02-A1CD-BE0BACCECE37}.Debug|Any CPU.ActiveCfg = Debug|Any CPU
		{58D02FB1-B045-4F02-A1CD-BE0BACCECE37}.Debug|Any CPU.Build.0 = Debug|Any CPU
		{58D02FB1-B045-4F02-A1CD-BE0BACCECE37}.Release|Any CPU.ActiveCfg = Release|Any CPU
		{58D02FB1-B045-4F02-A1CD-BE0BACCECE37}.Release|Any CPU.Build.0 = Release|Any CPU
	EndGlobalSection
	GlobalSection(SolutionProperties) = preSolution
		HideSolutionNode = FALSE
	EndGlobalSection
	GlobalSection(ExtensibilityGlobals) = postSolution
		SolutionGuid = {42D110DD-50E7-462D-AA8A-0C784CB008EC}
	EndGlobalSection
EndGlobal
